
Microsoft Visual Studio Solution File, Format Version 12.00
# Visual Studio Version 16
VisualStudioVersion = 16.0.31112.23
MinimumVisualStudioVersion = 10.0.40219.1
Project("{FAE04EC0-301F-11D3-BF4B-00C04F79EFBC}") = "Handling", "Handling\Handling.csproj", "{96AB41B6-625C-49DA-AA81-FB318C1F19D9}"
EndProject
Global
	GlobalSection(SolutionConfigurationPlatforms) = preSolution
		Debug|Any CPU = Debug|Any CPU
		Release|Any CPU = Release|Any CPU
	EndGlobalSection
	GlobalSection(ProjectConfigurationPlatforms) = postSolution
		{96AB41B6-625C-49DA-AA81-FB318C1F19D9}.Debug|Any CPU.ActiveCfg = Debug|Any CPU
		{96AB41B6-625C-49DA-AA81-FB318C1F19D9}.Debug|Any CPU.Build.0 = Debug|Any CPU
		{96AB41B6-625C-49DA-AA81-FB318C1F19D9}.Release|Any CPU.ActiveCfg = Release|Any CPU
		{96AB41B6-625C-49DA-AA81-FB318C1F19D9}.Release|Any CPU.Build.0 = Release|Any CPU
	EndGlobalSection
	GlobalSection(SolutionProperties) = preSolution
		HideSolutionNode = FALSE
	EndGlobalSection
	GlobalSection(ExtensibilityGlobals) = postSolution
		SolutionGuid = {694FC55D-6794-4E2B-9D8B-FA12DE46FAE1}
	EndGlobalSection
EndGlobal
